
Microsoft Visual Studio Solution File, Format Version 12.00
# Visual Studio Version 17
VisualStudioVersion = 17.11.35327.3
MinimumVisualStudioVersion = 10.0.40219.1
Project("{FAE04EC0-301F-11D3-BF4B-00C04F79EFBC}") = "crombie-ecommerce", "crombie-ecommerce\crombie-ecommerce.csproj", "{558ED4CC-5575-446F-BF32-DFACB68283B3}"
EndProject
Project("{FAE04EC0-301F-11D3-BF4B-00C04F79EFBC}") = "crombie-ecommerce.Models", "crombie-ecommerce.Models\crombie-ecommerce.Models.csproj", "{DE4CBC3B-0DDC-4B65-A48A-20250EFE8413}"
EndProject
Project("{FAE04EC0-301F-11D3-BF4B-00C04F79EFBC}") = "crombie-ecommerce.DataAccess", "crombie-ecommerce.DataAccess\crombie-ecommerce.DataAccess.csproj", "{484D0CB4-FB60-4EB9-B877-744F5505BA73}"
EndProject
Project("{FAE04EC0-301F-11D3-BF4B-00C04F79EFBC}") = "crombie-ecommerce.BusinessLogic", "crombie-ecommerce.BusinessLogic\crombie-ecommerce.BusinessLogic.csproj", "{3AFE6D97-BF61-4F78-92E2-5D42EB317B19}"
EndProject
Global
	GlobalSection(SolutionConfigurationPlatforms) = preSolution
		Debug|Any CPU = Debug|Any CPU
		Release|Any CPU = Release|Any CPU
	EndGlobalSection
	GlobalSection(ProjectConfigurationPlatforms) = postSolution
		{558ED4CC-5575-446F-BF32-DFACB68283B3}.Debug|Any CPU.ActiveCfg = Debug|Any CPU
		{558ED4CC-5575-446F-BF32-DFACB68283B3}.Debug|Any CPU.Build.0 = Debug|Any CPU
		{558ED4CC-5575-446F-BF32-DFACB68283B3}.Release|Any CPU.ActiveCfg = Release|Any CPU
		{558ED4CC-5575-446F-BF32-DFACB68283B3}.Release|Any CPU.Build.0 = Release|Any CPU
		{DE4CBC3B-0DDC-4B65-A48A-20250EFE8413}.Debug|Any CPU.ActiveCfg = Debug|Any CPU
		{DE4CBC3B-0DDC-4B65-A48A-20250EFE8413}.Debug|Any CPU.Build.0 = Debug|Any CPU
		{DE4CBC3B-0DDC-4B65-A48A-20250EFE8413}.Release|Any CPU.ActiveCfg = Release|Any CPU
		{DE4CBC3B-0DDC-4B65-A48A-20250EFE8413}.Release|Any CPU.Build.0 = Release|Any CPU
		{484D0CB4-FB60-4EB9-B877-744F5505BA73}.Debug|Any CPU.ActiveCfg = Debug|Any CPU
		{484D0CB4-FB60-4EB9-B877-744F5505BA73}.Debug|Any CPU.Build.0 = Debug|Any CPU
		{484D0CB4-FB60-4EB9-B877-744F5505BA73}.Release|Any CPU.ActiveCfg = Release|Any CPU
		{484D0CB4-FB60-4EB9-B877-744F5505BA73}.Release|Any CPU.Build.0 = Release|Any CPU
		{3AFE6D97-BF61-4F78-92E2-5D42EB317B19}.Debug|Any CPU.ActiveCfg = Debug|Any CPU
		{3AFE6D97-BF61-4F78-92E2-5D42EB317B19}.Debug|Any CPU.Build.0 = Debug|Any CPU
		{3AFE6D97-BF61-4F78-92E2-5D42EB317B19}.Release|Any CPU.ActiveCfg = Release|Any CPU
		{3AFE6D97-BF61-4F78-92E2-5D42EB317B19}.Release|Any CPU.Build.0 = Release|Any CPU
	EndGlobalSection
	GlobalSection(SolutionProperties) = preSolution
		HideSolutionNode = FALSE
	EndGlobalSection
	GlobalSection(ExtensibilityGlobals) = postSolution
		SolutionGuid = {6611C3DD-93AC-4E8A-90D3-58F94E8B13AF}
	EndGlobalSection
EndGlobal
